
Microsoft Visual Studio Solution File, Format Version 12.00
# Visual Studio Version 17
VisualStudioVersion = 17.7.34221.43
MinimumVisualStudioVersion = 10.0.40219.1
Project("{FAE04EC0-301F-11D3-BF4B-00C04F79EFBC}") = "presentation", "presentation\presentation.csproj", "{A9595249-12C6-47C8-9394-979EE09B7802}"
EndProject
Project("{FAE04EC0-301F-11D3-BF4B-00C04F79EFBC}") = "Domain", "Domain\Domain.csproj", "{967EC976-3BDF-455B-950B-2029E9841B8A}"
EndProject
Project("{FAE04EC0-301F-11D3-BF4B-00C04F79EFBC}") = "Data", "Data\Data.csproj", "{B78BD29D-DB51-406E-B933-AE9AFE2426B5}"
EndProject
Global
	GlobalSection(SolutionConfigurationPlatforms) = preSolution
		Debug|Any CPU = Debug|Any CPU
		Release|Any CPU = Release|Any CPU
	EndGlobalSection
	GlobalSection(ProjectConfigurationPlatforms) = postSolution
		{A9595249-12C6-47C8-9394-979EE09B7802}.Debug|Any CPU.ActiveCfg = Debug|Any CPU
		{A9595249-12C6-47C8-9394-979EE09B7802}.Debug|Any CPU.Build.0 = Debug|Any CPU
		{A9595249-12C6-47C8-9394-979EE09B7802}.Release|Any CPU.ActiveCfg = Release|Any CPU
		{A9595249-12C6-47C8-9394-979EE09B7802}.Release|Any CPU.Build.0 = Release|Any CPU
		{967EC976-3BDF-455B-950B-2029E9841B8A}.Debug|Any CPU.ActiveCfg = Debug|Any CPU
		{967EC976-3BDF-455B-950B-2029E9841B8A}.Debug|Any CPU.Build.0 = Debug|Any CPU
		{967EC976-3BDF-455B-950B-2029E9841B8A}.Release|Any CPU.ActiveCfg = Release|Any CPU
		{967EC976-3BDF-455B-950B-2029E9841B8A}.Release|Any CPU.Build.0 = Release|Any CPU
		{B78BD29D-DB51-406E-B933-AE9AFE2426B5}.Debug|Any CPU.ActiveCfg = Debug|Any CPU
		{B78BD29D-DB51-406E-B933-AE9AFE2426B5}.Debug|Any CPU.Build.0 = Debug|Any CPU
		{B78BD29D-DB51-406E-B933-AE9AFE2426B5}.Release|Any CPU.ActiveCfg = Release|Any CPU
		{B78BD29D-DB51-406E-B933-AE9AFE2426B5}.Release|Any CPU.Build.0 = Release|Any CPU
	EndGlobalSection
	GlobalSection(SolutionProperties) = preSolution
		HideSolutionNode = FALSE
	EndGlobalSection
	GlobalSection(ExtensibilityGlobals) = postSolution
		SolutionGuid = {6464DD43-F8A9-495B-8C80-52EB27C7BCBC}
	EndGlobalSection
EndGlobal
